// !$*UTF8*$!
{
	archiveVersion = 1;
	classes = {
	};
	objectVersion = 46;
	objects = {

/* Begin PBXBuildFile section */
		180DA69315CD8AE60029E9C2 /* UIKit.framework in Frameworks */ = {isa = PBXBuildFile; fileRef = 180DA69215CD8AE60029E9C2 /* UIKit.framework */; };
		180DA69515CD8AE60029E9C2 /* Foundation.framework in Frameworks */ = {isa = PBXBuildFile; fileRef = 180DA69415CD8AE60029E9C2 /* Foundation.framework */; };
		180DA69715CD8AE60029E9C2 /* CoreGraphics.framework in Frameworks */ = {isa = PBXBuildFile; fileRef = 180DA69615CD8AE60029E9C2 /* CoreGraphics.framework */; };
		180DA69D15CD8AE60029E9C2 /* InfoPlist.strings in Resources */ = {isa = PBXBuildFile; fileRef = 180DA69B15CD8AE60029E9C2 /* InfoPlist.strings */; };
		180DA69F15CD8AE60029E9C2 /* main.m in Sources */ = {isa = PBXBuildFile; fileRef = 180DA69E15CD8AE60029E9C2 /* main.m */; };
		180DA6A315CD8AE70029E9C2 /* SFAppDelegate.m in Sources */ = {isa = PBXBuildFile; fileRef = 180DA6A215CD8AE70029E9C2 /* SFAppDelegate.m */; };
		180DA6A615CD8AE70029E9C2 /* MainStoryboard.storyboard in Resources */ = {isa = PBXBuildFile; fileRef = 180DA6A415CD8AE70029E9C2 /* MainStoryboard.storyboard */; };
		180DA6A915CD8AE70029E9C2 /* SFViewController.m in Sources */ = {isa = PBXBuildFile; fileRef = 180DA6A815CD8AE70029E9C2 /* SFViewController.m */; };
		180DA6B015CD8C830029E9C2 /* CoreData.framework in Frameworks */ = {isa = PBXBuildFile; fileRef = 180DA6AF15CD8C830029E9C2 /* CoreData.framework */; };
		181498CA15D60DB400F70812 /* Default-Landscape~ipad.png in Resources */ = {isa = PBXBuildFile; fileRef = 181498C915D60DB400F70812 /* Default-Landscape~ipad.png */; };
		181498CC15D60EA700F70812 /* Default-Landscape@2x~ipad.png in Resources */ = {isa = PBXBuildFile; fileRef = 181498CB15D60EA700F70812 /* Default-Landscape@2x~ipad.png */; };
		181498CF15D610F000F70812 /* Icon-72.png in Resources */ = {isa = PBXBuildFile; fileRef = 181498CE15D610F000F70812 /* Icon-72.png */; };
		181498D115D610F800F70812 /* Icon-72@2x.png in Resources */ = {isa = PBXBuildFile; fileRef = 181498D015D610F800F70812 /* Icon-72@2x.png */; };
		183CE8A515CEDB89009F8B58 /* SFTestHelpViewController.m in Sources */ = {isa = PBXBuildFile; fileRef = 183CE8A415CEDB89009F8B58 /* SFTestHelpViewController.m */; };
		183CE8AC15CF4C5F009F8B58 /* SFMainResultsViewController.m in Sources */ = {isa = PBXBuildFile; fileRef = 183CE8AB15CF4C5F009F8B58 /* SFMainResultsViewController.m */; };
		183CE8AF15CF5B49009F8B58 /* SFTestViewController.m in Sources */ = {isa = PBXBuildFile; fileRef = 183CE8AE15CF5B49009F8B58 /* SFTestViewController.m */; };
		183CE8B215CF5BE9009F8B58 /* SFEmotion.m in Sources */ = {isa = PBXBuildFile; fileRef = 183CE8B115CF5BE9009F8B58 /* SFEmotion.m */; };
		183E3BD215D020B500E50157 /* SFTimes.m in Sources */ = {isa = PBXBuildFile; fileRef = 183E3BD115D020B500E50157 /* SFTimes.m */; };
		183E3BD915D02D0000E50157 /* emosurprised@2x.png in Resources */ = {isa = PBXBuildFile; fileRef = 183E3BD415D02CFF00E50157 /* emosurprised@2x.png */; };
		183E3BDA15D02D0000E50157 /* emothoughtful@2x.png in Resources */ = {isa = PBXBuildFile; fileRef = 183E3BD515D02CFF00E50157 /* emothoughtful@2x.png */; };
		183E3BDB15D02D0000E50157 /* emosleepy@2x.png in Resources */ = {isa = PBXBuildFile; fileRef = 183E3BD615D02CFF00E50157 /* emosleepy@2x.png */; };
		183E3BDC15D02D0000E50157 /* emoangry@2x.png in Resources */ = {isa = PBXBuildFile; fileRef = 183E3BD715D02CFF00E50157 /* emoangry@2x.png */; };
		183E3BDD15D02D0000E50157 /* emosad@2x.png in Resources */ = {isa = PBXBuildFile; fileRef = 183E3BD815D02D0000E50157 /* emosad@2x.png */; };
		183E3C5215D4218F00E50157 /* SciFair.xcdatamodeld in Sources */ = {isa = PBXBuildFile; fileRef = 180DA6B115CD8C9A0029E9C2 /* SciFair.xcdatamodeld */; };
		184D267615D68909003D61DB /* CubanoRegular.otf in Resources */ = {isa = PBXBuildFile; fileRef = 184D267515D688FE003D61DB /* CubanoRegular.otf */; };
		184D267815D69593003D61DB /* pretestbackground.png in Resources */ = {isa = PBXBuildFile; fileRef = 184D267715D69593003D61DB /* pretestbackground.png */; };
		184D267F15D6A0FE003D61DB /* UbuntuTitlingBold.ttf in Resources */ = {isa = PBXBuildFile; fileRef = 184D267E15D6A0EC003D61DB /* UbuntuTitlingBold.ttf */; };
		184D268515D79541003D61DB /* SFEmotionsViewController.m in Sources */ = {isa = PBXBuildFile; fileRef = 184D268415D79541003D61DB /* SFEmotionsViewController.m */; };
		184D268B15D79840003D61DB /* greybuttonbackground.png in Resources */ = {isa = PBXBuildFile; fileRef = 184D268A15D79840003D61DB /* greybuttonbackground.png */; };
		1874134B15CFD57C00E48B50 /* emohappy@2x.png in Resources */ = {isa = PBXBuildFile; fileRef = 1874134A15CFD57C00E48B50 /* emohappy@2x.png */; };
		1874134E15CFD84E00E48B50 /* SFTestFinishedViewController.m in Sources */ = {isa = PBXBuildFile; fileRef = 1874134D15CFD84E00E48B50 /* SFTestFinishedViewController.m */; };
		18858EBE15CE1CC6006F50E8 /* SFPerson.m in Sources */ = {isa = PBXBuildFile; fileRef = 18858EBD15CE1CC6006F50E8 /* SFPerson.m */; };
		18858EC115CE1F3C006F50E8 /* SFDataEntryViewController.m in Sources */ = {isa = PBXBuildFile; fileRef = 18858EC015CE1F3C006F50E8 /* SFDataEntryViewController.m */; };
		188F215515D9589F00A57DE6 /* Person.m in Sources */ = {isa = PBXBuildFile; fileRef = 188F215415D9589F00A57DE6 /* Person.m */; };
		188F215815D958A000A57DE6 /* Times.m in Sources */ = {isa = PBXBuildFile; fileRef = 188F215715D958A000A57DE6 /* Times.m */; };
		188F215B15D958A000A57DE6 /* Answers.m in Sources */ = {isa = PBXBuildFile; fileRef = 188F215A15D958A000A57DE6 /* Answers.m */; };
		188F218315D9D6D600A57DE6 /* IMG_9720.jpg in Resources */ = {isa = PBXBuildFile; fileRef = 188F217615D9D6BC00A57DE6 /* IMG_9720.jpg */; };
		188F218415D9D6D600A57DE6 /* IMG_9721.jpg in Resources */ = {isa = PBXBuildFile; fileRef = 188F217715D9D6BC00A57DE6 /* IMG_9721.jpg */; };
		188F218515D9D6D600A57DE6 /* IMG_9724.jpg in Resources */ = {isa = PBXBuildFile; fileRef = 188F217815D9D6BD00A57DE6 /* IMG_9724.jpg */; };
		188F218615D9D6D600A57DE6 /* IMG_9727.jpg in Resources */ = {isa = PBXBuildFile; fileRef = 188F217915D9D6BE00A57DE6 /* IMG_9727.jpg */; };
		188F218715D9D6D600A57DE6 /* IMG_9728.jpg in Resources */ = {isa = PBXBuildFile; fileRef = 188F217A15D9D6BF00A57DE6 /* IMG_9728.jpg */; };
		188F218815D9D6D600A57DE6 /* IMG_9731.JPG in Resources */ = {isa = PBXBuildFile; fileRef = 188F217B15D9D6C100A57DE6 /* IMG_9731.JPG */; };
		188F218915D9D6D600A57DE6 /* IMG_9732.jpg in Resources */ = {isa = PBXBuildFile; fileRef = 188F217C15D9D6C200A57DE6 /* IMG_9732.jpg */; };
		188F218A15D9D6D600A57DE6 /* IMG_9733.jpg in Resources */ = {isa = PBXBuildFile; fileRef = 188F217D15D9D6C400A57DE6 /* IMG_9733.jpg */; };
		188F218B15D9D6D600A57DE6 /* IMG_9740.jpg in Resources */ = {isa = PBXBuildFile; fileRef = 188F217E15D9D6C600A57DE6 /* IMG_9740.jpg */; };
		188F218C15D9D6D600A57DE6 /* IMG_9743.jpg in Resources */ = {isa = PBXBuildFile; fileRef = 188F217F15D9D6C800A57DE6 /* IMG_9743.jpg */; };
		188F218D15D9D6D600A57DE6 /* IMG_9745.jpg in Resources */ = {isa = PBXBuildFile; fileRef = 188F218015D9D6CB00A57DE6 /* IMG_9745.jpg */; };
		188F218E15D9D6D600A57DE6 /* IMG_9746.jpg in Resources */ = {isa = PBXBuildFile; fileRef = 188F218115D9D6CD00A57DE6 /* IMG_9746.jpg */; };
		188F218F15D9D6D600A57DE6 /* IMG_9747.jpg in Resources */ = {isa = PBXBuildFile; fileRef = 188F218215D9D6D100A57DE6 /* IMG_9747.jpg */; };
		188F219115D9D85D00A57DE6 /* IMG_9736.jpg in Resources */ = {isa = PBXBuildFile; fileRef = 188F219015D9D85D00A57DE6 /* IMG_9736.jpg */; };
		18AE2C7815D658D000B58240 /* testbuttonbckg@2x.png in Resources */ = {isa = PBXBuildFile; fileRef = 18AE2C7715D658D000B58240 /* testbuttonbckg@2x.png */; };
		18AE2C7C15D65FC700B58240 /* mainbackgroundI@2x.png in Resources */ = {isa = PBXBuildFile; fileRef = 18AE2C7B15D65FC700B58240 /* mainbackgroundI@2x.png */; };
		18AE2C7F15D66E8A00B58240 /* background@2x.png in Resources */ = {isa = PBXBuildFile; fileRef = 18AE2C7E15D66E8A00B58240 /* background@2x.png */; };
		18AE2C8115D6727A00B58240 /* mainbackground@2x.png in Resources */ = {isa = PBXBuildFile; fileRef = 18AE2C8015D6727A00B58240 /* mainbackground@2x.png */; };
		18CA1D7815DFD8FC0032F7CD /* SFTestSubjectDetailViewController.m in Sources */ = {isa = PBXBuildFile; fileRef = 18CA1D7715DFD8FC0032F7CD /* SFTestSubjectDetailViewController.m */; };
		18CA1D7C15DFDC120032F7CD /* SFTestSubjectCell.m in Sources */ = {isa = PBXBuildFile; fileRef = 18CA1D7B15DFDC120032F7CD /* SFTestSubjectCell.m */; };
		18FAD6CA15D804B00083FB7E /* SFSubjectResultsTableViewController.m in Sources */ = {isa = PBXBuildFile; fileRef = 18FAD6C915D804B00083FB7E /* SFSubjectResultsTableViewController.m */; };
/* End PBXBuildFile section */

/* Begin PBXFileReference section */
		180DA68E15CD8AE60029E9C2 /* SciFair.app */ = {isa = PBXFileReference; explicitFileType = wrapper.application; includeInIndex = 0; path = SciFair.app; sourceTree = BUILT_PRODUCTS_DIR; };
		180DA69215CD8AE60029E9C2 /* UIKit.framework */ = {isa = PBXFileReference; lastKnownFileType = wrapper.framework; name = UIKit.framework; path = System/Library/Frameworks/UIKit.framework; sourceTree = SDKROOT; };
		180DA69415CD8AE60029E9C2 /* Foundation.framework */ = {isa = PBXFileReference; lastKnownFileType = wrapper.framework; name = Foundation.framework; path = System/Library/Frameworks/Foundation.framework; sourceTree = SDKROOT; };
		180DA69615CD8AE60029E9C2 /* CoreGraphics.framework */ = {isa = PBXFileReference; lastKnownFileType = wrapper.framework; name = CoreGraphics.framework; path = System/Library/Frameworks/CoreGraphics.framework; sourceTree = SDKROOT; };
		180DA69A15CD8AE60029E9C2 /* SciFair-Info.plist */ = {isa = PBXFileReference; lastKnownFileType = text.plist.xml; path = "SciFair-Info.plist"; sourceTree = "<group>"; };
		180DA69C15CD8AE60029E9C2 /* en */ = {isa = PBXFileReference; lastKnownFileType = text.plist.strings; name = en; path = en.lproj/InfoPlist.strings; sourceTree = "<group>"; };
		180DA69E15CD8AE60029E9C2 /* main.m */ = {isa = PBXFileReference; lastKnownFileType = sourcecode.c.objc; path = main.m; sourceTree = "<group>"; };
		180DA6A015CD8AE70029E9C2 /* SciFair-Prefix.pch */ = {isa = PBXFileReference; lastKnownFileType = sourcecode.c.h; path = "SciFair-Prefix.pch"; sourceTree = "<group>"; };
		180DA6A115CD8AE70029E9C2 /* SFAppDelegate.h */ = {isa = PBXFileReference; lastKnownFileType = sourcecode.c.h; path = SFAppDelegate.h; sourceTree = "<group>"; };
		180DA6A215CD8AE70029E9C2 /* SFAppDelegate.m */ = {isa = PBXFileReference; lastKnownFileType = sourcecode.c.objc; path = SFAppDelegate.m; sourceTree = "<group>"; };
		180DA6A515CD8AE70029E9C2 /* en */ = {isa = PBXFileReference; lastKnownFileType = file.storyboard; name = en; path = en.lproj/MainStoryboard.storyboard; sourceTree = "<group>"; };
		180DA6A715CD8AE70029E9C2 /* SFViewController.h */ = {isa = PBXFileReference; lastKnownFileType = sourcecode.c.h; path = SFViewController.h; sourceTree = "<group>"; };
		180DA6A815CD8AE70029E9C2 /* SFViewController.m */ = {isa = PBXFileReference; lastKnownFileType = sourcecode.c.objc; path = SFViewController.m; sourceTree = "<group>"; };
		180DA6AF15CD8C830029E9C2 /* CoreData.framework */ = {isa = PBXFileReference; lastKnownFileType = wrapper.framework; name = CoreData.framework; path = System/Library/Frameworks/CoreData.framework; sourceTree = SDKROOT; };
		180DA6B215CD8C9A0029E9C2 /* SciFair.xcdatamodel */ = {isa = PBXFileReference; lastKnownFileType = wrapper.xcdatamodel; path = SciFair.xcdatamodel; sourceTree = "<group>"; };
		181498C815D60BA600F70812 /* SciFair.entitlements */ = {isa = PBXFileReference; lastKnownFileType = text.xml; path = SciFair.entitlements; sourceTree = "<group>"; };
		181498C915D60DB400F70812 /* Default-Landscape~ipad.png */ = {isa = PBXFileReference; lastKnownFileType = image.png; path = "Default-Landscape~ipad.png"; sourceTree = "<group>"; };
		181498CB15D60EA700F70812 /* Default-Landscape@2x~ipad.png */ = {isa = PBXFileReference; lastKnownFileType = image.png; path = "Default-Landscape@2x~ipad.png"; sourceTree = "<group>"; };
		181498CE15D610F000F70812 /* Icon-72.png */ = {isa = PBXFileReference; lastKnownFileType = image.png; path = "Icon-72.png"; sourceTree = "<group>"; };
		181498D015D610F800F70812 /* Icon-72@2x.png */ = {isa = PBXFileReference; lastKnownFileType = image.png; path = "Icon-72@2x.png"; sourceTree = "<group>"; };
		183CE8A315CEDB89009F8B58 /* SFTestHelpViewController.h */ = {isa = PBXFileReference; fileEncoding = 4; lastKnownFileType = sourcecode.c.h; path = SFTestHelpViewController.h; sourceTree = "<group>"; };
		183CE8A415CEDB89009F8B58 /* SFTestHelpViewController.m */ = {isa = PBXFileReference; fileEncoding = 4; lastKnownFileType = sourcecode.c.objc; path = SFTestHelpViewController.m; sourceTree = "<group>"; };
		183CE8AA15CF4C5F009F8B58 /* SFMainResultsViewController.h */ = {isa = PBXFileReference; fileEncoding = 4; lastKnownFileType = sourcecode.c.h; path = SFMainResultsViewController.h; sourceTree = "<group>"; };
		183CE8AB15CF4C5F009F8B58 /* SFMainResultsViewController.m */ = {isa = PBXFileReference; fileEncoding = 4; lastKnownFileType = sourcecode.c.objc; path = SFMainResultsViewController.m; sourceTree = "<group>"; };
		183CE8AD15CF5B49009F8B58 /* SFTestViewController.h */ = {isa = PBXFileReference; fileEncoding = 4; lastKnownFileType = sourcecode.c.h; path = SFTestViewController.h; sourceTree = "<group>"; };
		183CE8AE15CF5B49009F8B58 /* SFTestViewController.m */ = {isa = PBXFileReference; fileEncoding = 4; lastKnownFileType = sourcecode.c.objc; path = SFTestViewController.m; sourceTree = "<group>"; };
		183CE8B015CF5BE9009F8B58 /* SFEmotion.h */ = {isa = PBXFileReference; fileEncoding = 4; lastKnownFileType = sourcecode.c.h; path = SFEmotion.h; sourceTree = "<group>"; };
		183CE8B115CF5BE9009F8B58 /* SFEmotion.m */ = {isa = PBXFileReference; fileEncoding = 4; lastKnownFileType = sourcecode.c.objc; path = SFEmotion.m; sourceTree = "<group>"; };
		183E3BD015D020B500E50157 /* SFTimes.h */ = {isa = PBXFileReference; fileEncoding = 4; lastKnownFileType = sourcecode.c.h; name = SFTimes.h; path = ../SFTimes.h; sourceTree = "<group>"; };
		183E3BD115D020B500E50157 /* SFTimes.m */ = {isa = PBXFileReference; fileEncoding = 4; lastKnownFileType = sourcecode.c.objc; name = SFTimes.m; path = ../SFTimes.m; sourceTree = "<group>"; };
		183E3BD415D02CFF00E50157 /* emosurprised@2x.png */ = {isa = PBXFileReference; lastKnownFileType = image.png; path = "emosurprised@2x.png"; sourceTree = "<group>"; };
		183E3BD515D02CFF00E50157 /* emothoughtful@2x.png */ = {isa = PBXFileReference; lastKnownFileType = image.png; path = "emothoughtful@2x.png"; sourceTree = "<group>"; };
		183E3BD615D02CFF00E50157 /* emosleepy@2x.png */ = {isa = PBXFileReference; lastKnownFileType = image.png; path = "emosleepy@2x.png"; sourceTree = "<group>"; };
		183E3BD715D02CFF00E50157 /* emoangry@2x.png */ = {isa = PBXFileReference; lastKnownFileType = image.png; path = "emoangry@2x.png"; sourceTree = "<group>"; };
		183E3BD815D02D0000E50157 /* emosad@2x.png */ = {isa = PBXFileReference; lastKnownFileType = image.png; path = "emosad@2x.png"; sourceTree = "<group>"; };
		184D267515D688FE003D61DB /* CubanoRegular.otf */ = {isa = PBXFileReference; lastKnownFileType = file; name = CubanoRegular.otf; path = ../CubanoRegular.otf; sourceTree = "<group>"; };
		184D267715D69593003D61DB /* pretestbackground.png */ = {isa = PBXFileReference; lastKnownFileType = image.png; path = pretestbackground.png; sourceTree = "<group>"; };
		184D267E15D6A0EC003D61DB /* UbuntuTitlingBold.ttf */ = {isa = PBXFileReference; lastKnownFileType = file; name = UbuntuTitlingBold.ttf; path = ../UbuntuTitlingBold.ttf; sourceTree = "<group>"; };
		184D268315D79540003D61DB /* SFEmotionsViewController.h */ = {isa = PBXFileReference; fileEncoding = 4; lastKnownFileType = sourcecode.c.h; name = SFEmotionsViewController.h; path = ../SFEmotionsViewController.h; sourceTree = "<group>"; };
		184D268415D79541003D61DB /* SFEmotionsViewController.m */ = {isa = PBXFileReference; fileEncoding = 4; lastKnownFileType = sourcecode.c.objc; name = SFEmotionsViewController.m; path = ../SFEmotionsViewController.m; sourceTree = "<group>"; };
		184D268A15D79840003D61DB /* greybuttonbackground.png */ = {isa = PBXFileReference; lastKnownFileType = image.png; path = greybuttonbackground.png; sourceTree = "<group>"; };
		1874134A15CFD57C00E48B50 /* emohappy@2x.png */ = {isa = PBXFileReference; lastKnownFileType = image.png; path = "emohappy@2x.png"; sourceTree = "<group>"; };
		1874134C15CFD84E00E48B50 /* SFTestFinishedViewController.h */ = {isa = PBXFileReference; fileEncoding = 4; lastKnownFileType = sourcecode.c.h; path = SFTestFinishedViewController.h; sourceTree = "<group>"; };
		1874134D15CFD84E00E48B50 /* SFTestFinishedViewController.m */ = {isa = PBXFileReference; fileEncoding = 4; lastKnownFileType = sourcecode.c.objc; path = SFTestFinishedViewController.m; sourceTree = "<group>"; };
		18858EBC15CE1CC6006F50E8 /* SFPerson.h */ = {isa = PBXFileReference; fileEncoding = 4; lastKnownFileType = sourcecode.c.h; path = SFPerson.h; sourceTree = "<group>"; };
		18858EBD15CE1CC6006F50E8 /* SFPerson.m */ = {isa = PBXFileReference; fileEncoding = 4; lastKnownFileType = sourcecode.c.objc; path = SFPerson.m; sourceTree = "<group>"; };
		18858EBF15CE1F3C006F50E8 /* SFDataEntryViewController.h */ = {isa = PBXFileReference; fileEncoding = 4; lastKnownFileType = sourcecode.c.h; path = SFDataEntryViewController.h; sourceTree = "<group>"; };
		18858EC015CE1F3C006F50E8 /* SFDataEntryViewController.m */ = {isa = PBXFileReference; fileEncoding = 4; lastKnownFileType = sourcecode.c.objc; path = SFDataEntryViewController.m; sourceTree = "<group>"; };
		188F215315D9589F00A57DE6 /* Person.h */ = {isa = PBXFileReference; fileEncoding = 4; lastKnownFileType = sourcecode.c.h; path = Person.h; sourceTree = "<group>"; };
		188F215415D9589F00A57DE6 /* Person.m */ = {isa = PBXFileReference; fileEncoding = 4; lastKnownFileType = sourcecode.c.objc; path = Person.m; sourceTree = "<group>"; };
		188F215615D958A000A57DE6 /* Times.h */ = {isa = PBXFileReference; fileEncoding = 4; lastKnownFileType = sourcecode.c.h; path = Times.h; sourceTree = "<group>"; };
		188F215715D958A000A57DE6 /* Times.m */ = {isa = PBXFileReference; fileEncoding = 4; lastKnownFileType = sourcecode.c.objc; path = Times.m; sourceTree = "<group>"; };
		188F215915D958A000A57DE6 /* Answers.h */ = {isa = PBXFileReference; fileEncoding = 4; lastKnownFileType = sourcecode.c.h; path = Answers.h; sourceTree = "<group>"; };
		188F215A15D958A000A57DE6 /* Answers.m */ = {isa = PBXFileReference; fileEncoding = 4; lastKnownFileType = sourcecode.c.objc; path = Answers.m; sourceTree = "<group>"; };
		188F217615D9D6BC00A57DE6 /* IMG_9720.jpg */ = {isa = PBXFileReference; lastKnownFileType = image.jpeg; path = IMG_9720.jpg; sourceTree = "<group>"; };
		188F217715D9D6BC00A57DE6 /* IMG_9721.jpg */ = {isa = PBXFileReference; lastKnownFileType = image.jpeg; path = IMG_9721.jpg; sourceTree = "<group>"; };
		188F217815D9D6BD00A57DE6 /* IMG_9724.jpg */ = {isa = PBXFileReference; lastKnownFileType = image.jpeg; path = IMG_9724.jpg; sourceTree = "<group>"; };
		188F217915D9D6BE00A57DE6 /* IMG_9727.jpg */ = {isa = PBXFileReference; lastKnownFileType = image.jpeg; path = IMG_9727.jpg; sourceTree = "<group>"; };
		188F217A15D9D6BF00A57DE6 /* IMG_9728.jpg */ = {isa = PBXFileReference; lastKnownFileType = image.jpeg; path = IMG_9728.jpg; sourceTree = "<group>"; };
		188F217B15D9D6C100A57DE6 /* IMG_9731.JPG */ = {isa = PBXFileReference; lastKnownFileType = image.jpeg; path = IMG_9731.JPG; sourceTree = "<group>"; };
		188F217C15D9D6C200A57DE6 /* IMG_9732.jpg */ = {isa = PBXFileReference; lastKnownFileType = image.jpeg; path = IMG_9732.jpg; sourceTree = "<group>"; };
		188F217D15D9D6C400A57DE6 /* IMG_9733.jpg */ = {isa = PBXFileReference; lastKnownFileType = image.jpeg; path = IMG_9733.jpg; sourceTree = "<group>"; };
		188F217E15D9D6C600A57DE6 /* IMG_9740.jpg */ = {isa = PBXFileReference; lastKnownFileType = image.jpeg; path = IMG_9740.jpg; sourceTree = "<group>"; };
		188F217F15D9D6C800A57DE6 /* IMG_9743.jpg */ = {isa = PBXFileReference; lastKnownFileType = image.jpeg; path = IMG_9743.jpg; sourceTree = "<group>"; };
		188F218015D9D6CB00A57DE6 /* IMG_9745.jpg */ = {isa = PBXFileReference; lastKnownFileType = image.jpeg; path = IMG_9745.jpg; sourceTree = "<group>"; };
		188F218115D9D6CD00A57DE6 /* IMG_9746.jpg */ = {isa = PBXFileReference; lastKnownFileType = image.jpeg; path = IMG_9746.jpg; sourceTree = "<group>"; };
		188F218215D9D6D100A57DE6 /* IMG_9747.jpg */ = {isa = PBXFileReference; lastKnownFileType = image.jpeg; path = IMG_9747.jpg; sourceTree = "<group>"; };
		188F219015D9D85D00A57DE6 /* IMG_9736.jpg */ = {isa = PBXFileReference; lastKnownFileType = image.jpeg; path = IMG_9736.jpg; sourceTree = "<group>"; };
		18AE2C7715D658D000B58240 /* testbuttonbckg@2x.png */ = {isa = PBXFileReference; lastKnownFileType = image.png; path = "testbuttonbckg@2x.png"; sourceTree = "<group>"; };
		18AE2C7B15D65FC700B58240 /* mainbackgroundI@2x.png */ = {isa = PBXFileReference; lastKnownFileType = image.png; path = "mainbackgroundI@2x.png"; sourceTree = "<group>"; };
		18AE2C7E15D66E8A00B58240 /* background@2x.png */ = {isa = PBXFileReference; lastKnownFileType = image.png; path = "background@2x.png"; sourceTree = "<group>"; };
		18AE2C8015D6727A00B58240 /* mainbackground@2x.png */ = {isa = PBXFileReference; lastKnownFileType = image.png; path = "mainbackground@2x.png"; sourceTree = "<group>"; };
		18CA1D7615DFD8FC0032F7CD /* SFTestSubjectDetailViewController.h */ = {isa = PBXFileReference; fileEncoding = 4; lastKnownFileType = sourcecode.c.h; path = SFTestSubjectDetailViewController.h; sourceTree = "<group>"; };
		18CA1D7715DFD8FC0032F7CD /* SFTestSubjectDetailViewController.m */ = {isa = PBXFileReference; fileEncoding = 4; lastKnownFileType = sourcecode.c.objc; path = SFTestSubjectDetailViewController.m; sourceTree = "<group>"; };
		18CA1D7A15DFDC120032F7CD /* SFTestSubjectCell.h */ = {isa = PBXFileReference; fileEncoding = 4; lastKnownFileType = sourcecode.c.h; path = SFTestSubjectCell.h; sourceTree = "<group>"; };
		18CA1D7B15DFDC120032F7CD /* SFTestSubjectCell.m */ = {isa = PBXFileReference; fileEncoding = 4; lastKnownFileType = sourcecode.c.objc; path = SFTestSubjectCell.m; sourceTree = "<group>"; };
		18FAD6C815D804B00083FB7E /* SFSubjectResultsTableViewController.h */ = {isa = PBXFileReference; fileEncoding = 4; lastKnownFileType = sourcecode.c.h; path = SFSubjectResultsTableViewController.h; sourceTree = "<group>"; };
		18FAD6C915D804B00083FB7E /* SFSubjectResultsTableViewController.m */ = {isa = PBXFileReference; fileEncoding = 4; lastKnownFileType = sourcecode.c.objc; path = SFSubjectResultsTableViewController.m; sourceTree = "<group>"; };
/* End PBXFileReference section */

/* Begin PBXFrameworksBuildPhase section */
		180DA68B15CD8AE60029E9C2 /* Frameworks */ = {
			isa = PBXFrameworksBuildPhase;
			buildActionMask = 2147483647;
			files = (
				180DA69315CD8AE60029E9C2 /* UIKit.framework in Frameworks */,
				180DA69515CD8AE60029E9C2 /* Foundation.framework in Frameworks */,
				180DA69715CD8AE60029E9C2 /* CoreGraphics.framework in Frameworks */,
				180DA6B015CD8C830029E9C2 /* CoreData.framework in Frameworks */,
			);
			runOnlyForDeploymentPostprocessing = 0;
		};
/* End PBXFrameworksBuildPhase section */

/* Begin PBXGroup section */
		180DA68315CD8AE60029E9C2 = {
			isa = PBXGroup;
			children = (
				188F217615D9D6BC00A57DE6 /* IMG_9720.jpg */,
				188F217715D9D6BC00A57DE6 /* IMG_9721.jpg */,
				188F217815D9D6BD00A57DE6 /* IMG_9724.jpg */,
				188F217915D9D6BE00A57DE6 /* IMG_9727.jpg */,
				188F217A15D9D6BF00A57DE6 /* IMG_9728.jpg */,
				188F217B15D9D6C100A57DE6 /* IMG_9731.JPG */,
				188F217C15D9D6C200A57DE6 /* IMG_9732.jpg */,
				188F217D15D9D6C400A57DE6 /* IMG_9733.jpg */,
				188F219015D9D85D00A57DE6 /* IMG_9736.jpg */,
				188F217E15D9D6C600A57DE6 /* IMG_9740.jpg */,
				188F217F15D9D6C800A57DE6 /* IMG_9743.jpg */,
				188F218015D9D6CB00A57DE6 /* IMG_9745.jpg */,
				188F218115D9D6CD00A57DE6 /* IMG_9746.jpg */,
				188F218215D9D6D100A57DE6 /* IMG_9747.jpg */,
				184D267D15D69FC1003D61DB /* Images */,
				181498CD15D60F6D00F70812 /* Required Images */,
				180DA69815CD8AE60029E9C2 /* SciFair */,
				180DA69115CD8AE60029E9C2 /* Frameworks */,
				180DA68F15CD8AE60029E9C2 /* Products */,
			);
			sourceTree = "<group>";
		};
		180DA68F15CD8AE60029E9C2 /* Products */ = {
			isa = PBXGroup;
			children = (
				180DA68E15CD8AE60029E9C2 /* SciFair.app */,
			);
			name = Products;
			sourceTree = "<group>";
		};
		180DA69115CD8AE60029E9C2 /* Frameworks */ = {
			isa = PBXGroup;
			children = (
				180DA6AF15CD8C830029E9C2 /* CoreData.framework */,
				180DA69215CD8AE60029E9C2 /* UIKit.framework */,
				180DA69415CD8AE60029E9C2 /* Foundation.framework */,
				180DA69615CD8AE60029E9C2 /* CoreGraphics.framework */,
			);
			name = Frameworks;
			sourceTree = "<group>";
		};
		180DA69815CD8AE60029E9C2 /* SciFair */ = {
			isa = PBXGroup;
			children = (
				184D268315D79540003D61DB /* SFEmotionsViewController.h */,
				184D268415D79541003D61DB /* SFEmotionsViewController.m */,
				181498C815D60BA600F70812 /* SciFair.entitlements */,
				180DA6A115CD8AE70029E9C2 /* SFAppDelegate.h */,
				180DA6A215CD8AE70029E9C2 /* SFAppDelegate.m */,
				180DA6A415CD8AE70029E9C2 /* MainStoryboard.storyboard */,
				180DA6A715CD8AE70029E9C2 /* SFViewController.h */,
				180DA6A815CD8AE70029E9C2 /* SFViewController.m */,
				18FAD6C615D803770083FB7E /* Results controllers */,
				183E3BE015D0F05100E50157 /* Emotion (Placeholders) */,
				183E3BDF15D0F02A00E50157 /* Core Objects */,
				1874134F15CFD99F00E48B50 /* Test controllers */,
				187AECEE15CEC83500077710 /* Core Data */,
				180DA69915CD8AE60029E9C2 /* Supporting Files */,
			);
			path = SciFair;
			sourceTree = "<group>";
		};
		180DA69915CD8AE60029E9C2 /* Supporting Files */ = {
			isa = PBXGroup;
			children = (
				184D267515D688FE003D61DB /* CubanoRegular.otf */,
				184D267E15D6A0EC003D61DB /* UbuntuTitlingBold.ttf */,
				180DA69A15CD8AE60029E9C2 /* SciFair-Info.plist */,
				180DA69B15CD8AE60029E9C2 /* InfoPlist.strings */,
				180DA69E15CD8AE60029E9C2 /* main.m */,
				180DA6A015CD8AE70029E9C2 /* SciFair-Prefix.pch */,
			);
			name = "Supporting Files";
			sourceTree = "<group>";
		};
		181498CD15D60F6D00F70812 /* Required Images */ = {
			isa = PBXGroup;
			children = (
				181498D015D610F800F70812 /* Icon-72@2x.png */,
				181498CE15D610F000F70812 /* Icon-72.png */,
				181498CB15D60EA700F70812 /* Default-Landscape@2x~ipad.png */,
				181498C915D60DB400F70812 /* Default-Landscape~ipad.png */,
			);
			name = "Required Images";
			sourceTree = "<group>";
		};
		183E3BDF15D0F02A00E50157 /* Core Objects */ = {
			isa = PBXGroup;
			children = (
				183E3BD015D020B500E50157 /* SFTimes.h */,
				183E3BD115D020B500E50157 /* SFTimes.m */,
				183CE8B015CF5BE9009F8B58 /* SFEmotion.h */,
				183CE8B115CF5BE9009F8B58 /* SFEmotion.m */,
				18858EBC15CE1CC6006F50E8 /* SFPerson.h */,
				18858EBD15CE1CC6006F50E8 /* SFPerson.m */,
			);
			name = "Core Objects";
			sourceTree = "<group>";
		};
		183E3BE015D0F05100E50157 /* Emotion (Placeholders) */ = {
			isa = PBXGroup;
			children = (
				183E3BD515D02CFF00E50157 /* emothoughtful@2x.png */,
				183E3BD415D02CFF00E50157 /* emosurprised@2x.png */,
				183E3BD615D02CFF00E50157 /* emosleepy@2x.png */,
				183E3BD715D02CFF00E50157 /* emoangry@2x.png */,
				183E3BD815D02D0000E50157 /* emosad@2x.png */,
				1874134A15CFD57C00E48B50 /* emohappy@2x.png */,
			);
			name = "Emotion (Placeholders)";
			sourceTree = "<group>";
		};
		184D267D15D69FC1003D61DB /* Images */ = {
			isa = PBXGroup;
			children = (
				184D268A15D79840003D61DB /* greybuttonbackground.png */,
				184D267715D69593003D61DB /* pretestbackground.png */,
				18AE2C8015D6727A00B58240 /* mainbackground@2x.png */,
				18AE2C7B15D65FC700B58240 /* mainbackgroundI@2x.png */,
				18AE2C7715D658D000B58240 /* testbuttonbckg@2x.png */,
				18AE2C7E15D66E8A00B58240 /* background@2x.png */,
			);
			name = Images;
			sourceTree = "<group>";
		};
		1874134F15CFD99F00E48B50 /* Test controllers */ = {
			isa = PBXGroup;
			children = (
				183CE8AD15CF5B49009F8B58 /* SFTestViewController.h */,
				183CE8AE15CF5B49009F8B58 /* SFTestViewController.m */,
				1874134C15CFD84E00E48B50 /* SFTestFinishedViewController.h */,
				1874134D15CFD84E00E48B50 /* SFTestFinishedViewController.m */,
				183CE8A315CEDB89009F8B58 /* SFTestHelpViewController.h */,
				183CE8A415CEDB89009F8B58 /* SFTestHelpViewController.m */,
				18858EBF15CE1F3C006F50E8 /* SFDataEntryViewController.h */,
				18858EC015CE1F3C006F50E8 /* SFDataEntryViewController.m */,
			);
			name = "Test controllers";
			sourceTree = "<group>";
		};
		187AECEE15CEC83500077710 /* Core Data */ = {
			isa = PBXGroup;
			children = (
				180DA6B115CD8C9A0029E9C2 /* SciFair.xcdatamodeld */,
				188F215915D958A000A57DE6 /* Answers.h */,
				188F215A15D958A000A57DE6 /* Answers.m */,
				188F215615D958A000A57DE6 /* Times.h */,
				188F215715D958A000A57DE6 /* Times.m */,
				188F215315D9589F00A57DE6 /* Person.h */,
				188F215415D9589F00A57DE6 /* Person.m */,
			);
			name = "Core Data";
			sourceTree = "<group>";
		};
		18FAD6C615D803770083FB7E /* Results controllers */ = {
			isa = PBXGroup;
			children = (
				18CA1D7A15DFDC120032F7CD /* SFTestSubjectCell.h */,
				18CA1D7B15DFDC120032F7CD /* SFTestSubjectCell.m */,
				18FAD6C815D804B00083FB7E /* SFSubjectResultsTableViewController.h */,
				18FAD6C915D804B00083FB7E /* SFSubjectResultsTableViewController.m */,
				18CA1D7615DFD8FC0032F7CD /* SFTestSubjectDetailViewController.h */,
				18CA1D7715DFD8FC0032F7CD /* SFTestSubjectDetailViewController.m */,
				183CE8AA15CF4C5F009F8B58 /* SFMainResultsViewController.h */,
				183CE8AB15CF4C5F009F8B58 /* SFMainResultsViewController.m */,
			);
			name = "Results controllers";
			sourceTree = "<group>";
		};
/* End PBXGroup section */

/* Begin PBXNativeTarget section */
		180DA68D15CD8AE60029E9C2 /* SciFair */ = {
			isa = PBXNativeTarget;
			buildConfigurationList = 180DA6AC15CD8AE70029E9C2 /* Build configuration list for PBXNativeTarget "SciFair" */;
			buildPhases = (
				180DA68A15CD8AE60029E9C2 /* Sources */,
				180DA68B15CD8AE60029E9C2 /* Frameworks */,
				180DA68C15CD8AE60029E9C2 /* Resources */,
			);
			buildRules = (
			);
			dependencies = (
			);
			name = SciFair;
			productName = SciFair;
			productReference = 180DA68E15CD8AE60029E9C2 /* SciFair.app */;
			productType = "com.apple.product-type.application";
		};
/* End PBXNativeTarget section */

/* Begin PBXProject section */
		180DA68515CD8AE60029E9C2 /* Project object */ = {
			isa = PBXProject;
			attributes = {
				CLASSPREFIX = SF;
				LastUpgradeCheck = 0440;
				ORGANIZATIONNAME = "Carlos Arcenas";
			};
			buildConfigurationList = 180DA68815CD8AE60029E9C2 /* Build configuration list for PBXProject "SciFair" */;
			compatibilityVersion = "Xcode 3.2";
			developmentRegion = English;
			hasScannedForEncodings = 0;
			knownRegions = (
				en,
			);
			mainGroup = 180DA68315CD8AE60029E9C2;
			productRefGroup = 180DA68F15CD8AE60029E9C2 /* Products */;
			projectDirPath = "";
			projectRoot = "";
			targets = (
				180DA68D15CD8AE60029E9C2 /* SciFair */,
			);
		};
/* End PBXProject section */

/* Begin PBXResourcesBuildPhase section */
		180DA68C15CD8AE60029E9C2 /* Resources */ = {
			isa = PBXResourcesBuildPhase;
			buildActionMask = 2147483647;
			files = (
				184D267F15D6A0FE003D61DB /* UbuntuTitlingBold.ttf in Resources */,
				184D267615D68909003D61DB /* CubanoRegular.otf in Resources */,
				180DA69D15CD8AE60029E9C2 /* InfoPlist.strings in Resources */,
				180DA6A615CD8AE70029E9C2 /* MainStoryboard.storyboard in Resources */,
				1874134B15CFD57C00E48B50 /* emohappy@2x.png in Resources */,
				183E3BD915D02D0000E50157 /* emosurprised@2x.png in Resources */,
				183E3BDA15D02D0000E50157 /* emothoughtful@2x.png in Resources */,
				183E3BDB15D02D0000E50157 /* emosleepy@2x.png in Resources */,
				183E3BDC15D02D0000E50157 /* emoangry@2x.png in Resources */,
				183E3BDD15D02D0000E50157 /* emosad@2x.png in Resources */,
				181498CA15D60DB400F70812 /* Default-Landscape~ipad.png in Resources */,
				181498CC15D60EA700F70812 /* Default-Landscape@2x~ipad.png in Resources */,
				181498CF15D610F000F70812 /* Icon-72.png in Resources */,
				181498D115D610F800F70812 /* Icon-72@2x.png in Resources */,
				18AE2C7815D658D000B58240 /* testbuttonbckg@2x.png in Resources */,
				18AE2C7C15D65FC700B58240 /* mainbackgroundI@2x.png in Resources */,
				18AE2C7F15D66E8A00B58240 /* background@2x.png in Resources */,
				18AE2C8115D6727A00B58240 /* mainbackground@2x.png in Resources */,
				184D267815D69593003D61DB /* pretestbackground.png in Resources */,
				184D268B15D79840003D61DB /* greybuttonbackground.png in Resources */,
				188F218315D9D6D600A57DE6 /* IMG_9720.jpg in Resources */,
				188F218415D9D6D600A57DE6 /* IMG_9721.jpg in Resources */,
				188F218515D9D6D600A57DE6 /* IMG_9724.jpg in Resources */,
				188F218615D9D6D600A57DE6 /* IMG_9727.jpg in Resources */,
				188F218715D9D6D600A57DE6 /* IMG_9728.jpg in Resources */,
				188F218815D9D6D600A57DE6 /* IMG_9731.JPG in Resources */,
				188F218915D9D6D600A57DE6 /* IMG_9732.jpg in Resources */,
				188F218A15D9D6D600A57DE6 /* IMG_9733.jpg in Resources */,
				188F218B15D9D6D600A57DE6 /* IMG_9740.jpg in Resources */,
				188F218C15D9D6D600A57DE6 /* IMG_9743.jpg in Resources */,
				188F218D15D9D6D600A57DE6 /* IMG_9745.jpg in Resources */,
				188F218E15D9D6D600A57DE6 /* IMG_9746.jpg in Resources */,
				188F218F15D9D6D600A57DE6 /* IMG_9747.jpg in Resources */,
				188F219115D9D85D00A57DE6 /* IMG_9736.jpg in Resources */,
			);
			runOnlyForDeploymentPostprocessing = 0;
		};
/* End PBXResourcesBuildPhase section */

/* Begin PBXSourcesBuildPhase section */
		180DA68A15CD8AE60029E9C2 /* Sources */ = {
			isa = PBXSourcesBuildPhase;
			buildActionMask = 2147483647;
			files = (
				180DA69F15CD8AE60029E9C2 /* main.m in Sources */,
				180DA6A315CD8AE70029E9C2 /* SFAppDelegate.m in Sources */,
				180DA6A915CD8AE70029E9C2 /* SFViewController.m in Sources */,
				18858EBE15CE1CC6006F50E8 /* SFPerson.m in Sources */,
				18858EC115CE1F3C006F50E8 /* SFDataEntryViewController.m in Sources */,
				183CE8A515CEDB89009F8B58 /* SFTestHelpViewController.m in Sources */,
				183CE8AC15CF4C5F009F8B58 /* SFMainResultsViewController.m in Sources */,
				183CE8AF15CF5B49009F8B58 /* SFTestViewController.m in Sources */,
				183CE8B215CF5BE9009F8B58 /* SFEmotion.m in Sources */,
				1874134E15CFD84E00E48B50 /* SFTestFinishedViewController.m in Sources */,
				183E3BD215D020B500E50157 /* SFTimes.m in Sources */,
				183E3C5215D4218F00E50157 /* SciFair.xcdatamodeld in Sources */,
				184D268515D79541003D61DB /* SFEmotionsViewController.m in Sources */,
				18FAD6CA15D804B00083FB7E /* SFSubjectResultsTableViewController.m in Sources */,
				188F215515D9589F00A57DE6 /* Person.m in Sources */,
				188F215815D958A000A57DE6 /* Times.m in Sources */,
				188F215B15D958A000A57DE6 /* Answers.m in Sources */,
				18CA1D7815DFD8FC0032F7CD /* SFTestSubjectDetailViewController.m in Sources */,
				18CA1D7C15DFDC120032F7CD /* SFTestSubjectCell.m in Sources */,
			);
			runOnlyForDeploymentPostprocessing = 0;
		};
/* End PBXSourcesBuildPhase section */

/* Begin PBXVariantGroup section */
		180DA69B15CD8AE60029E9C2 /* InfoPlist.strings */ = {
			isa = PBXVariantGroup;
			children = (
				180DA69C15CD8AE60029E9C2 /* en */,
			);
			name = InfoPlist.strings;
			sourceTree = "<group>";
		};
		180DA6A415CD8AE70029E9C2 /* MainStoryboard.storyboard */ = {
			isa = PBXVariantGroup;
			children = (
				180DA6A515CD8AE70029E9C2 /* en */,
			);
			name = MainStoryboard.storyboard;
			sourceTree = "<group>";
		};
/* End PBXVariantGroup section */

/* Begin XCBuildConfiguration section */
		180DA6AA15CD8AE70029E9C2 /* Debug */ = {
			isa = XCBuildConfiguration;
			buildSettings = {
				ALWAYS_SEARCH_USER_PATHS = NO;
				ARCHS = "$(ARCHS_STANDARD_32_BIT)";
				CLANG_CXX_LANGUAGE_STANDARD = "gnu++0x";
				CLANG_ENABLE_OBJC_ARC = YES;
				CLANG_WARN__DUPLICATE_METHOD_MATCH = YES;
				"CODE_SIGN_IDENTITY[sdk=iphoneos*]" = "iPhone Developer";
				COPY_PHASE_STRIP = NO;
				GCC_C_LANGUAGE_STANDARD = gnu99;
				GCC_DYNAMIC_NO_PIC = NO;
				GCC_OPTIMIZATION_LEVEL = 0;
				GCC_PREPROCESSOR_DEFINITIONS = (
					"DEBUG=1",
					"$(inherited)",
				);
				GCC_SYMBOLS_PRIVATE_EXTERN = NO;
				GCC_VERSION = com.apple.compilers.llvm.clang.1_0;
				GCC_WARN_ABOUT_RETURN_TYPE = YES;
				GCC_WARN_UNINITIALIZED_AUTOS = YES;
				GCC_WARN_UNUSED_VARIABLE = YES;
				IPHONEOS_DEPLOYMENT_TARGET = 5.1;
				SDKROOT = iphoneos;
				TARGETED_DEVICE_FAMILY = 2;
			};
			name = Debug;
		};
		180DA6AB15CD8AE70029E9C2 /* Release */ = {
			isa = XCBuildConfiguration;
			buildSettings = {
				ALWAYS_SEARCH_USER_PATHS = NO;
				ARCHS = "$(ARCHS_STANDARD_32_BIT)";
				CLANG_CXX_LANGUAGE_STANDARD = "gnu++0x";
				CLANG_ENABLE_OBJC_ARC = YES;
				CLANG_WARN__DUPLICATE_METHOD_MATCH = YES;
				"CODE_SIGN_IDENTITY[sdk=iphoneos*]" = "iPhone Developer";
				COPY_PHASE_STRIP = YES;
				GCC_C_LANGUAGE_STANDARD = gnu99;
				GCC_VERSION = com.apple.compilers.llvm.clang.1_0;
				GCC_WARN_ABOUT_RETURN_TYPE = YES;
				GCC_WARN_UNINITIALIZED_AUTOS = YES;
				GCC_WARN_UNUSED_VARIABLE = YES;
				IPHONEOS_DEPLOYMENT_TARGET = 5.1;
				OTHER_CFLAGS = "-DNS_BLOCK_ASSERTIONS=1";
				SDKROOT = iphoneos;
				TARGETED_DEVICE_FAMILY = 2;
				VALIDATE_PRODUCT = YES;
			};
			name = Release;
		};
		180DA6AD15CD8AE70029E9C2 /* Debug */ = {
			isa = XCBuildConfiguration;
			buildSettings = {
				CODE_SIGN_ENTITLEMENTS = SciFair/SciFair.entitlements;
				GCC_PRECOMPILE_PREFIX_HEADER = YES;
				GCC_PREFIX_HEADER = "SciFair/SciFair-Prefix.pch";
				INFOPLIST_FILE = "SciFair/SciFair-Info.plist";
				IPHONEOS_DEPLOYMENT_TARGET = 5.1;
				PRODUCT_NAME = "$(TARGET_NAME)";
				WRAPPER_EXTENSION = app;
			};
			name = Debug;
		};
		180DA6AE15CD8AE70029E9C2 /* Release */ = {
			isa = XCBuildConfiguration;
			buildSettings = {
				CODE_SIGN_ENTITLEMENTS = SciFair/SciFair.entitlements;
				GCC_PRECOMPILE_PREFIX_HEADER = YES;
				GCC_PREFIX_HEADER = "SciFair/SciFair-Prefix.pch";
				INFOPLIST_FILE = "SciFair/SciFair-Info.plist";
				IPHONEOS_DEPLOYMENT_TARGET = 5.1;
				PRODUCT_NAME = "$(TARGET_NAME)";
				WRAPPER_EXTENSION = app;
			};
			name = Release;
		};
/* End XCBuildConfiguration section */

/* Begin XCConfigurationList section */
		180DA68815CD8AE60029E9C2 /* Build configuration list for PBXProject "SciFair" */ = {
			isa = XCConfigurationList;
			buildConfigurations = (
				180DA6AA15CD8AE70029E9C2 /* Debug */,
				180DA6AB15CD8AE70029E9C2 /* Release */,
			);
			defaultConfigurationIsVisible = 0;
			defaultConfigurationName = Release;
		};
		180DA6AC15CD8AE70029E9C2 /* Build configuration list for PBXNativeTarget "SciFair" */ = {
			isa = XCConfigurationList;
			buildConfigurations = (
				180DA6AD15CD8AE70029E9C2 /* Debug */,
				180DA6AE15CD8AE70029E9C2 /* Release */,
			);
			defaultConfigurationIsVisible = 0;
			defaultConfigurationName = Release;
		};
/* End XCConfigurationList section */

/* Begin XCVersionGroup section */
		180DA6B115CD8C9A0029E9C2 /* SciFair.xcdatamodeld */ = {
			isa = XCVersionGroup;
			children = (
				180DA6B215CD8C9A0029E9C2 /* SciFair.xcdatamodel */,
			);
			currentVersion = 180DA6B215CD8C9A0029E9C2 /* SciFair.xcdatamodel */;
			path = SciFair.xcdatamodeld;
			sourceTree = "<group>";
			versionGroupType = wrapper.xcdatamodel;
		};
/* End XCVersionGroup section */
	};
	rootObject = 180DA68515CD8AE60029E9C2 /* Project object */;
}
